
Microsoft Visual Studio Solution File, Format Version 11.00
# Visual Studio 2010
Project("{888888A0-9F3D-457C-B088-3A5042F75D52}") = "GetClassNames", "GetClassNames.pyproj", "{67e0195c-4648-5bb6-a0f5-9e80d7fab7e1}"
EndProject
Global
	GlobalSection(SolutionConfigurationPlatforms) = preSolution
		Debug|Any CPU = Debug|Any CPU
		Release|Any CPU = Release|Any CPU
	EndGlobalSection
	GlobalSection(ProjectConfigurationPlatforms) = postSolution
		{67e0195c-4648-5bb6-a0f5-9e80d7fab7e1}.Debug|Any CPU.ActiveCfg = Debug|Any CPU
		{67e0195c-4648-5bb6-a0f5-9e80d7fab7e1}.Release|Any CPU.ActiveCfg = Release|Any CPU
	EndGlobalSection
	GlobalSection(SolutionProperties) = preSolution
		HideSolutionNode = FALSE
	EndGlobalSection
EndGlobal
